
Microsoft Visual Studio Solution File, Format Version 12.00
# Visual Studio Version 17
VisualStudioVersion = 17.3.32901.215
MinimumVisualStudioVersion = 10.0.40219.1
Project("{FAE04EC0-301F-11D3-BF4B-00C04F79EFBC}") = "proekt", "proekt\proekt.csproj", "{F232891D-B03E-44FA-8156-E04CF4029521}"
EndProject
Global
	GlobalSection(SolutionConfigurationPlatforms) = preSolution
		Debug|Any CPU = Debug|Any CPU
		Release|Any CPU = Release|Any CPU
	EndGlobalSection
	GlobalSection(ProjectConfigurationPlatforms) = postSolution
		{F232891D-B03E-44FA-8156-E04CF4029521}.Debug|Any CPU.ActiveCfg = Debug|Any CPU
		{F232891D-B03E-44FA-8156-E04CF4029521}.Debug|Any CPU.Build.0 = Debug|Any CPU
		{F232891D-B03E-44FA-8156-E04CF4029521}.Release|Any CPU.ActiveCfg = Release|Any CPU
		{F232891D-B03E-44FA-8156-E04CF4029521}.Release|Any CPU.Build.0 = Release|Any CPU
	EndGlobalSection
	GlobalSection(SolutionProperties) = preSolution
		HideSolutionNode = FALSE
	EndGlobalSection
	GlobalSection(ExtensibilityGlobals) = postSolution
		SolutionGuid = {88F744F6-6B66-4306-B99D-68B83B57246B}
	EndGlobalSection
EndGlobal
